// !$*UTF8*$!
{
	archiveVersion = 1;
	classes = {
	};
	objectVersion = 46;
	objects = {

/* Begin PBXBuildFile section */
		69A75A73E0165CE98958B459 /* libPods.a in Frameworks */ = {isa = PBXBuildFile; fileRef = 250E358430CEDB44AB9EA704 /* libPods.a */; };
		FE5132CD1AEDAE41008779BE /* LoginViewController.m in Sources */ = {isa = PBXBuildFile; fileRef = FE5132CC1AEDAE41008779BE /* LoginViewController.m */; };
		FE5AB3E61AE4A2340067C36D /* ImagesTableViewController.m in Sources */ = {isa = PBXBuildFile; fileRef = FE5AB3E51AE4A2340067C36D /* ImagesTableViewController.m */; };
		FE5AB3EC1AE4A8340067C36D /* User.m in Sources */ = {isa = PBXBuildFile; fileRef = FE5AB3EB1AE4A8340067C36D /* User.m */; };
		FE5AB3EF1AE4A9130067C36D /* Media.m in Sources */ = {isa = PBXBuildFile; fileRef = FE5AB3EE1AE4A9130067C36D /* Media.m */; };
		FE5AB3F21AE4AAB60067C36D /* Comment.m in Sources */ = {isa = PBXBuildFile; fileRef = FE5AB3F11AE4AAB60067C36D /* Comment.m */; };
		FE5AB3F51AE4AB4D0067C36D /* DataSource.m in Sources */ = {isa = PBXBuildFile; fileRef = FE5AB3F41AE4AB4D0067C36D /* DataSource.m */; };
		FE5AB3F81AE4BABE0067C36D /* MediaTableViewCell.m in Sources */ = {isa = PBXBuildFile; fileRef = FE5AB3F71AE4BABE0067C36D /* MediaTableViewCell.m */; };
		FEAE97F01AF95C030034A975 /* MediaFullScreenAnimator.m in Sources */ = {isa = PBXBuildFile; fileRef = FEAE97EF1AF95C030034A975 /* MediaFullScreenAnimator.m */; };
		FEBC43071AE49B2E008D0DDF /* 1.jpg in Resources */ = {isa = PBXBuildFile; fileRef = FEBC42FD1AE49B2E008D0DDF /* 1.jpg */; };
		FEBC43081AE49B2E008D0DDF /* 2.jpg in Resources */ = {isa = PBXBuildFile; fileRef = FEBC42FE1AE49B2E008D0DDF /* 2.jpg */; };
		FEBC43091AE49B2E008D0DDF /* 3.jpg in Resources */ = {isa = PBXBuildFile; fileRef = FEBC42FF1AE49B2E008D0DDF /* 3.jpg */; };
		FEBC430A1AE49B2E008D0DDF /* 4.jpg in Resources */ = {isa = PBXBuildFile; fileRef = FEBC43001AE49B2E008D0DDF /* 4.jpg */; };
		FEBC430B1AE49B2E008D0DDF /* 5.jpg in Resources */ = {isa = PBXBuildFile; fileRef = FEBC43011AE49B2E008D0DDF /* 5.jpg */; };
		FEBC430C1AE49B2E008D0DDF /* 6.jpg in Resources */ = {isa = PBXBuildFile; fileRef = FEBC43021AE49B2E008D0DDF /* 6.jpg */; };
		FEBC430D1AE49B2E008D0DDF /* 7.jpg in Resources */ = {isa = PBXBuildFile; fileRef = FEBC43031AE49B2E008D0DDF /* 7.jpg */; };
		FEBC430E1AE49B2E008D0DDF /* 8.jpg in Resources */ = {isa = PBXBuildFile; fileRef = FEBC43041AE49B2E008D0DDF /* 8.jpg */; };
		FEBC430F1AE49B2E008D0DDF /* 9.jpg in Resources */ = {isa = PBXBuildFile; fileRef = FEBC43051AE49B2E008D0DDF /* 9.jpg */; };
		FEBC43101AE49B2E008D0DDF /* 10.jpg in Resources */ = {isa = PBXBuildFile; fileRef = FEBC43061AE49B2E008D0DDF /* 10.jpg */; };
		FEC53F2D1AF6CA730068A6E2 /* MediaFullScreenViewController.m in Sources */ = {isa = PBXBuildFile; fileRef = FEC53F2C1AF6CA730068A6E2 /* MediaFullScreenViewController.m */; };
		FEDA42671AE49A180034FB03 /* main.m in Sources */ = {isa = PBXBuildFile; fileRef = FEDA42661AE49A180034FB03 /* main.m */; };
		FEDA426A1AE49A180034FB03 /* AppDelegate.m in Sources */ = {isa = PBXBuildFile; fileRef = FEDA42691AE49A180034FB03 /* AppDelegate.m */; };
		FEDA42721AE49A180034FB03 /* Images.xcassets in Resources */ = {isa = PBXBuildFile; fileRef = FEDA42711AE49A180034FB03 /* Images.xcassets */; };
		FEDA42751AE49A180034FB03 /* LaunchScreen.xib in Resources */ = {isa = PBXBuildFile; fileRef = FEDA42731AE49A180034FB03 /* LaunchScreen.xib */; };
		FEDA42811AE49A180034FB03 /* DorianGrayTests.m in Sources */ = {isa = PBXBuildFile; fileRef = FEDA42801AE49A180034FB03 /* DorianGrayTests.m */; };
/* End PBXBuildFile section */

/* Begin PBXContainerItemProxy section */
		FEDA427B1AE49A180034FB03 /* PBXContainerItemProxy */ = {
			isa = PBXContainerItemProxy;
			containerPortal = FEDA42591AE49A180034FB03 /* Project object */;
			proxyType = 1;
			remoteGlobalIDString = FEDA42601AE49A180034FB03;
			remoteInfo = DorianGray;
		};
/* End PBXContainerItemProxy section */

/* Begin PBXFileReference section */
		250E358430CEDB44AB9EA704 /* libPods.a */ = {isa = PBXFileReference; explicitFileType = archive.ar; includeInIndex = 0; path = libPods.a; sourceTree = BUILT_PRODUCTS_DIR; };
		47B959742DC1CFBFB1F9B847 /* Pods.release.xcconfig */ = {isa = PBXFileReference; includeInIndex = 1; lastKnownFileType = text.xcconfig; name = Pods.release.xcconfig; path = "Pods/Target Support Files/Pods/Pods.release.xcconfig"; sourceTree = "<group>"; };
		4F45805E0B49053E19DE7BED /* Pods.debug.xcconfig */ = {isa = PBXFileReference; includeInIndex = 1; lastKnownFileType = text.xcconfig; name = Pods.debug.xcconfig; path = "Pods/Target Support Files/Pods/Pods.debug.xcconfig"; sourceTree = "<group>"; };
		FE5132CB1AEDAE41008779BE /* LoginViewController.h */ = {isa = PBXFileReference; fileEncoding = 4; lastKnownFileType = sourcecode.c.h; path = LoginViewController.h; sourceTree = "<group>"; };
		FE5132CC1AEDAE41008779BE /* LoginViewController.m */ = {isa = PBXFileReference; fileEncoding = 4; lastKnownFileType = sourcecode.c.objc; path = LoginViewController.m; sourceTree = "<group>"; };
		FE5AB3E41AE4A2340067C36D /* ImagesTableViewController.h */ = {isa = PBXFileReference; fileEncoding = 4; lastKnownFileType = sourcecode.c.h; path = ImagesTableViewController.h; sourceTree = "<group>"; };
		FE5AB3E51AE4A2340067C36D /* ImagesTableViewController.m */ = {isa = PBXFileReference; fileEncoding = 4; lastKnownFileType = sourcecode.c.objc; path = ImagesTableViewController.m; sourceTree = "<group>"; };
		FE5AB3EA1AE4A8340067C36D /* User.h */ = {isa = PBXFileReference; fileEncoding = 4; lastKnownFileType = sourcecode.c.h; path = User.h; sourceTree = "<group>"; };
		FE5AB3EB1AE4A8340067C36D /* User.m */ = {isa = PBXFileReference; fileEncoding = 4; lastKnownFileType = sourcecode.c.objc; path = User.m; sourceTree = "<group>"; };
		FE5AB3ED1AE4A9130067C36D /* Media.h */ = {isa = PBXFileReference; fileEncoding = 4; lastKnownFileType = sourcecode.c.h; path = Media.h; sourceTree = "<group>"; };
		FE5AB3EE1AE4A9130067C36D /* Media.m */ = {isa = PBXFileReference; fileEncoding = 4; lastKnownFileType = sourcecode.c.objc; path = Media.m; sourceTree = "<group>"; };
		FE5AB3F01AE4AAB60067C36D /* Comment.h */ = {isa = PBXFileReference; fileEncoding = 4; lastKnownFileType = sourcecode.c.h; path = Comment.h; sourceTree = "<group>"; };
		FE5AB3F11AE4AAB60067C36D /* Comment.m */ = {isa = PBXFileReference; fileEncoding = 4; lastKnownFileType = sourcecode.c.objc; path = Comment.m; sourceTree = "<group>"; };
		FE5AB3F31AE4AB4D0067C36D /* DataSource.h */ = {isa = PBXFileReference; fileEncoding = 4; lastKnownFileType = sourcecode.c.h; path = DataSource.h; sourceTree = "<group>"; };
		FE5AB3F41AE4AB4D0067C36D /* DataSource.m */ = {isa = PBXFileReference; fileEncoding = 4; lastKnownFileType = sourcecode.c.objc; path = DataSource.m; sourceTree = "<group>"; };
		FE5AB3F61AE4BABE0067C36D /* MediaTableViewCell.h */ = {isa = PBXFileReference; fileEncoding = 4; lastKnownFileType = sourcecode.c.h; path = MediaTableViewCell.h; sourceTree = "<group>"; };
		FE5AB3F71AE4BABE0067C36D /* MediaTableViewCell.m */ = {isa = PBXFileReference; fileEncoding = 4; lastKnownFileType = sourcecode.c.objc; path = MediaTableViewCell.m; sourceTree = "<group>"; };
		FEAE97EE1AF95C030034A975 /* MediaFullScreenAnimator.h */ = {isa = PBXFileReference; fileEncoding = 4; lastKnownFileType = sourcecode.c.h; path = MediaFullScreenAnimator.h; sourceTree = "<group>"; };
		FEAE97EF1AF95C030034A975 /* MediaFullScreenAnimator.m */ = {isa = PBXFileReference; fileEncoding = 4; lastKnownFileType = sourcecode.c.objc; path = MediaFullScreenAnimator.m; sourceTree = "<group>"; };
		FEBC42FD1AE49B2E008D0DDF /* 1.jpg */ = {isa = PBXFileReference; lastKnownFileType = image.jpeg; path = 1.jpg; sourceTree = "<group>"; };
		FEBC42FE1AE49B2E008D0DDF /* 2.jpg */ = {isa = PBXFileReference; lastKnownFileType = image.jpeg; path = 2.jpg; sourceTree = "<group>"; };
		FEBC42FF1AE49B2E008D0DDF /* 3.jpg */ = {isa = PBXFileReference; lastKnownFileType = image.jpeg; path = 3.jpg; sourceTree = "<group>"; };
		FEBC43001AE49B2E008D0DDF /* 4.jpg */ = {isa = PBXFileReference; lastKnownFileType = image.jpeg; path = 4.jpg; sourceTree = "<group>"; };
		FEBC43011AE49B2E008D0DDF /* 5.jpg */ = {isa = PBXFileReference; lastKnownFileType = image.jpeg; path = 5.jpg; sourceTree = "<group>"; };
		FEBC43021AE49B2E008D0DDF /* 6.jpg */ = {isa = PBXFileReference; lastKnownFileType = image.jpeg; path = 6.jpg; sourceTree = "<group>"; };
		FEBC43031AE49B2E008D0DDF /* 7.jpg */ = {isa = PBXFileReference; lastKnownFileType = image.jpeg; path = 7.jpg; sourceTree = "<group>"; };
		FEBC43041AE49B2E008D0DDF /* 8.jpg */ = {isa = PBXFileReference; lastKnownFileType = image.jpeg; path = 8.jpg; sourceTree = "<group>"; };
		FEBC43051AE49B2E008D0DDF /* 9.jpg */ = {isa = PBXFileReference; lastKnownFileType = image.jpeg; path = 9.jpg; sourceTree = "<group>"; };
		FEBC43061AE49B2E008D0DDF /* 10.jpg */ = {isa = PBXFileReference; lastKnownFileType = image.jpeg; path = 10.jpg; sourceTree = "<group>"; };
		FEC53F2B1AF6CA730068A6E2 /* MediaFullScreenViewController.h */ = {isa = PBXFileReference; fileEncoding = 4; lastKnownFileType = sourcecode.c.h; path = MediaFullScreenViewController.h; sourceTree = "<group>"; };
		FEC53F2C1AF6CA730068A6E2 /* MediaFullScreenViewController.m */ = {isa = PBXFileReference; fileEncoding = 4; lastKnownFileType = sourcecode.c.objc; path = MediaFullScreenViewController.m; sourceTree = "<group>"; };
		FEDA42611AE49A180034FB03 /* DorianGray.app */ = {isa = PBXFileReference; explicitFileType = wrapper.application; includeInIndex = 0; path = DorianGray.app; sourceTree = BUILT_PRODUCTS_DIR; };
		FEDA42651AE49A180034FB03 /* Info.plist */ = {isa = PBXFileReference; lastKnownFileType = text.plist.xml; path = Info.plist; sourceTree = "<group>"; };
		FEDA42661AE49A180034FB03 /* main.m */ = {isa = PBXFileReference; lastKnownFileType = sourcecode.c.objc; path = main.m; sourceTree = "<group>"; };
		FEDA42681AE49A180034FB03 /* AppDelegate.h */ = {isa = PBXFileReference; lastKnownFileType = sourcecode.c.h; path = AppDelegate.h; sourceTree = "<group>"; };
		FEDA42691AE49A180034FB03 /* AppDelegate.m */ = {isa = PBXFileReference; lastKnownFileType = sourcecode.c.objc; path = AppDelegate.m; sourceTree = "<group>"; };
		FEDA42711AE49A180034FB03 /* Images.xcassets */ = {isa = PBXFileReference; lastKnownFileType = folder.assetcatalog; path = Images.xcassets; sourceTree = "<group>"; };
		FEDA42741AE49A180034FB03 /* Base */ = {isa = PBXFileReference; lastKnownFileType = file.xib; name = Base; path = Base.lproj/LaunchScreen.xib; sourceTree = "<group>"; };
		FEDA427A1AE49A180034FB03 /* DorianGrayTests.xctest */ = {isa = PBXFileReference; explicitFileType = wrapper.cfbundle; includeInIndex = 0; path = DorianGrayTests.xctest; sourceTree = BUILT_PRODUCTS_DIR; };
		FEDA427F1AE49A180034FB03 /* Info.plist */ = {isa = PBXFileReference; lastKnownFileType = text.plist.xml; path = Info.plist; sourceTree = "<group>"; };
		FEDA42801AE49A180034FB03 /* DorianGrayTests.m */ = {isa = PBXFileReference; lastKnownFileType = sourcecode.c.objc; path = DorianGrayTests.m; sourceTree = "<group>"; };
/* End PBXFileReference section */

/* Begin PBXFrameworksBuildPhase section */
		FEDA425E1AE49A180034FB03 /* Frameworks */ = {
			isa = PBXFrameworksBuildPhase;
			buildActionMask = 2147483647;
			files = (
				69A75A73E0165CE98958B459 /* libPods.a in Frameworks */,
			);
			runOnlyForDeploymentPostprocessing = 0;
		};
		FEDA42771AE49A180034FB03 /* Frameworks */ = {
			isa = PBXFrameworksBuildPhase;
			buildActionMask = 2147483647;
			files = (
			);
			runOnlyForDeploymentPostprocessing = 0;
		};
/* End PBXFrameworksBuildPhase section */

/* Begin PBXGroup section */
		2344A5EB465496935C060425 /* Pods */ = {
			isa = PBXGroup;
			children = (
				4F45805E0B49053E19DE7BED /* Pods.debug.xcconfig */,
				47B959742DC1CFBFB1F9B847 /* Pods.release.xcconfig */,
			);
			name = Pods;
			sourceTree = "<group>";
		};
		6195B4287FAE60F879FFC977 /* Frameworks */ = {
			isa = PBXGroup;
			children = (
				250E358430CEDB44AB9EA704 /* libPods.a */,
			);
			name = Frameworks;
			sourceTree = "<group>";
		};
		FEBC42FC1AE49B03008D0DDF /* Images */ = {
			isa = PBXGroup;
			children = (
				FEBC42FD1AE49B2E008D0DDF /* 1.jpg */,
				FEBC42FE1AE49B2E008D0DDF /* 2.jpg */,
				FEBC42FF1AE49B2E008D0DDF /* 3.jpg */,
				FEBC43001AE49B2E008D0DDF /* 4.jpg */,
				FEBC43011AE49B2E008D0DDF /* 5.jpg */,
				FEBC43021AE49B2E008D0DDF /* 6.jpg */,
				FEBC43031AE49B2E008D0DDF /* 7.jpg */,
				FEBC43041AE49B2E008D0DDF /* 8.jpg */,
				FEBC43051AE49B2E008D0DDF /* 9.jpg */,
				FEBC43061AE49B2E008D0DDF /* 10.jpg */,
			);
			path = Images;
			sourceTree = "<group>";
		};
		FEDA42581AE49A180034FB03 = {
			isa = PBXGroup;
			children = (
				FEDA42631AE49A180034FB03 /* DorianGray */,
				FEDA427D1AE49A180034FB03 /* DorianGrayTests */,
				FEDA42621AE49A180034FB03 /* Products */,
				2344A5EB465496935C060425 /* Pods */,
				6195B4287FAE60F879FFC977 /* Frameworks */,
			);
			sourceTree = "<group>";
		};
		FEDA42621AE49A180034FB03 /* Products */ = {
			isa = PBXGroup;
			children = (
				FEDA42611AE49A180034FB03 /* DorianGray.app */,
				FEDA427A1AE49A180034FB03 /* DorianGrayTests.xctest */,
			);
			name = Products;
			sourceTree = "<group>";
		};
		FEDA42631AE49A180034FB03 /* DorianGray */ = {
			isa = PBXGroup;
			children = (
				FEDA42681AE49A180034FB03 /* AppDelegate.h */,
				FEDA42691AE49A180034FB03 /* AppDelegate.m */,
				FE5AB3F31AE4AB4D0067C36D /* DataSource.h */,
				FE5AB3F41AE4AB4D0067C36D /* DataSource.m */,
				FE5132CB1AEDAE41008779BE /* LoginViewController.h */,
				FE5132CC1AEDAE41008779BE /* LoginViewController.m */,
				FE5AB3E41AE4A2340067C36D /* ImagesTableViewController.h */,
				FE5AB3E51AE4A2340067C36D /* ImagesTableViewController.m */,
				FEC53F2B1AF6CA730068A6E2 /* MediaFullScreenViewController.h */,
				FEC53F2C1AF6CA730068A6E2 /* MediaFullScreenViewController.m */,
				FE5AB3F61AE4BABE0067C36D /* MediaTableViewCell.h */,
				FE5AB3F71AE4BABE0067C36D /* MediaTableViewCell.m */,
				FEAE97EE1AF95C030034A975 /* MediaFullScreenAnimator.h */,
				FEAE97EF1AF95C030034A975 /* MediaFullScreenAnimator.m */,
				FE5AB3EA1AE4A8340067C36D /* User.h */,
				FE5AB3EB1AE4A8340067C36D /* User.m */,
				FE5AB3ED1AE4A9130067C36D /* Media.h */,
				FE5AB3EE1AE4A9130067C36D /* Media.m */,
				FE5AB3F01AE4AAB60067C36D /* Comment.h */,
				FE5AB3F11AE4AAB60067C36D /* Comment.m */,
				FEBC42FC1AE49B03008D0DDF /* Images */,
				FEDA42711AE49A180034FB03 /* Images.xcassets */,
				FEDA42731AE49A180034FB03 /* LaunchScreen.xib */,
				FEDA42641AE49A180034FB03 /* Supporting Files */,
			);
			path = DorianGray;
			sourceTree = "<group>";
		};
		FEDA42641AE49A180034FB03 /* Supporting Files */ = {
			isa = PBXGroup;
			children = (
				FEDA42651AE49A180034FB03 /* Info.plist */,
				FEDA42661AE49A180034FB03 /* main.m */,
			);
			name = "Supporting Files";
			sourceTree = "<group>";
		};
		FEDA427D1AE49A180034FB03 /* DorianGrayTests */ = {
			isa = PBXGroup;
			children = (
				FEDA42801AE49A180034FB03 /* DorianGrayTests.m */,
				FEDA427E1AE49A180034FB03 /* Supporting Files */,
			);
			path = DorianGrayTests;
			sourceTree = "<group>";
		};
		FEDA427E1AE49A180034FB03 /* Supporting Files */ = {
			isa = PBXGroup;
			children = (
				FEDA427F1AE49A180034FB03 /* Info.plist */,
			);
			name = "Supporting Files";
			sourceTree = "<group>";
		};
/* End PBXGroup section */

/* Begin PBXNativeTarget section */
		FEDA42601AE49A180034FB03 /* DorianGray */ = {
			isa = PBXNativeTarget;
			buildConfigurationList = FEDA42841AE49A180034FB03 /* Build configuration list for PBXNativeTarget "DorianGray" */;
			buildPhases = (
				36AFF587D1F107298C80828E /* Check Pods Manifest.lock */,
				FEDA425D1AE49A180034FB03 /* Sources */,
				FEDA425E1AE49A180034FB03 /* Frameworks */,
				FEDA425F1AE49A180034FB03 /* Resources */,
				40562166D59C32566B1DCFE4 /* Copy Pods Resources */,
			);
			buildRules = (
			);
			dependencies = (
			);
			name = DorianGray;
			productName = DorianGray;
			productReference = FEDA42611AE49A180034FB03 /* DorianGray.app */;
			productType = "com.apple.product-type.application";
		};
		FEDA42791AE49A180034FB03 /* DorianGrayTests */ = {
			isa = PBXNativeTarget;
			buildConfigurationList = FEDA42871AE49A180034FB03 /* Build configuration list for PBXNativeTarget "DorianGrayTests" */;
			buildPhases = (
				FEDA42761AE49A180034FB03 /* Sources */,
				FEDA42771AE49A180034FB03 /* Frameworks */,
				FEDA42781AE49A180034FB03 /* Resources */,
			);
			buildRules = (
			);
			dependencies = (
				FEDA427C1AE49A180034FB03 /* PBXTargetDependency */,
			);
			name = DorianGrayTests;
			productName = DorianGrayTests;
			productReference = FEDA427A1AE49A180034FB03 /* DorianGrayTests.xctest */;
			productType = "com.apple.product-type.bundle.unit-test";
		};
/* End PBXNativeTarget section */

/* Begin PBXProject section */
		FEDA42591AE49A180034FB03 /* Project object */ = {
			isa = PBXProject;
			attributes = {
				LastUpgradeCheck = 0630;
				ORGANIZATIONNAME = "Princess of Darkness Factory";
				TargetAttributes = {
					FEDA42601AE49A180034FB03 = {
						CreatedOnToolsVersion = 6.3;
					};
					FEDA42791AE49A180034FB03 = {
						CreatedOnToolsVersion = 6.3;
						TestTargetID = FEDA42601AE49A180034FB03;
					};
				};
			};
			buildConfigurationList = FEDA425C1AE49A180034FB03 /* Build configuration list for PBXProject "DorianGray" */;
			compatibilityVersion = "Xcode 3.2";
			developmentRegion = English;
			hasScannedForEncodings = 0;
			knownRegions = (
				en,
				Base,
			);
			mainGroup = FEDA42581AE49A180034FB03;
			productRefGroup = FEDA42621AE49A180034FB03 /* Products */;
			projectDirPath = "";
			projectRoot = "";
			targets = (
				FEDA42601AE49A180034FB03 /* DorianGray */,
				FEDA42791AE49A180034FB03 /* DorianGrayTests */,
			);
		};
/* End PBXProject section */

/* Begin PBXResourcesBuildPhase section */
		FEDA425F1AE49A180034FB03 /* Resources */ = {
			isa = PBXResourcesBuildPhase;
			buildActionMask = 2147483647;
			files = (
				FEBC43101AE49B2E008D0DDF /* 10.jpg in Resources */,
				FEBC430E1AE49B2E008D0DDF /* 8.jpg in Resources */,
				FEBC430C1AE49B2E008D0DDF /* 6.jpg in Resources */,
				FEBC430B1AE49B2E008D0DDF /* 5.jpg in Resources */,
				FEBC430A1AE49B2E008D0DDF /* 4.jpg in Resources */,
				FEBC43071AE49B2E008D0DDF /* 1.jpg in Resources */,
				FEBC43081AE49B2E008D0DDF /* 2.jpg in Resources */,
				FEBC43091AE49B2E008D0DDF /* 3.jpg in Resources */,
				FEBC430D1AE49B2E008D0DDF /* 7.jpg in Resources */,
				FEBC430F1AE49B2E008D0DDF /* 9.jpg in Resources */,
				FEDA42751AE49A180034FB03 /* LaunchScreen.xib in Resources */,
				FEDA42721AE49A180034FB03 /* Images.xcassets in Resources */,
			);
			runOnlyForDeploymentPostprocessing = 0;
		};
		FEDA42781AE49A180034FB03 /* Resources */ = {
			isa = PBXResourcesBuildPhase;
			buildActionMask = 2147483647;
			files = (
			);
			runOnlyForDeploymentPostprocessing = 0;
		};
/* End PBXResourcesBuildPhase section */

/* Begin PBXShellScriptBuildPhase section */
		36AFF587D1F107298C80828E /* Check Pods Manifest.lock */ = {
			isa = PBXShellScriptBuildPhase;
			buildActionMask = 2147483647;
			files = (
			);
			inputPaths = (
			);
			name = "Check Pods Manifest.lock";
			outputPaths = (
			);
			runOnlyForDeploymentPostprocessing = 0;
			shellPath = /bin/sh;
			shellScript = "diff \"${PODS_ROOT}/../Podfile.lock\" \"${PODS_ROOT}/Manifest.lock\" > /dev/null\nif [[ $? != 0 ]] ; then\n    cat << EOM\nerror: The sandbox is not in sync with the Podfile.lock. Run 'pod install' or update your CocoaPods installation.\nEOM\n    exit 1\nfi\n";
			showEnvVarsInLog = 0;
		};
		40562166D59C32566B1DCFE4 /* Copy Pods Resources */ = {
			isa = PBXShellScriptBuildPhase;
			buildActionMask = 2147483647;
			files = (
			);
			inputPaths = (
			);
			name = "Copy Pods Resources";
			outputPaths = (
			);
			runOnlyForDeploymentPostprocessing = 0;
			shellPath = /bin/sh;
			shellScript = "\"${SRCROOT}/Pods/Target Support Files/Pods/Pods-resources.sh\"\n";
			showEnvVarsInLog = 0;
		};
/* End PBXShellScriptBuildPhase section */

/* Begin PBXSourcesBuildPhase section */
		FEDA425D1AE49A180034FB03 /* Sources */ = {
			isa = PBXSourcesBuildPhase;
			buildActionMask = 2147483647;
			files = (
				FEC53F2D1AF6CA730068A6E2 /* MediaFullScreenViewController.m in Sources */,
				FE5AB3EC1AE4A8340067C36D /* User.m in Sources */,
				FE5AB3F21AE4AAB60067C36D /* Comment.m in Sources */,
				FE5AB3F81AE4BABE0067C36D /* MediaTableViewCell.m in Sources */,
				FEAE97F01AF95C030034A975 /* MediaFullScreenAnimator.m in Sources */,
				FE5AB3EF1AE4A9130067C36D /* Media.m in Sources */,
				FE5AB3E61AE4A2340067C36D /* ImagesTableViewController.m in Sources */,
				FE5132CD1AEDAE41008779BE /* LoginViewController.m in Sources */,
				FE5AB3F51AE4AB4D0067C36D /* DataSource.m in Sources */,
				FEDA426A1AE49A180034FB03 /* AppDelegate.m in Sources */,
				FEDA42671AE49A180034FB03 /* main.m in Sources */,
			);
			runOnlyForDeploymentPostprocessing = 0;
		};
		FEDA42761AE49A180034FB03 /* Sources */ = {
			isa = PBXSourcesBuildPhase;
			buildActionMask = 2147483647;
			files = (
				FEDA42811AE49A180034FB03 /* DorianGrayTests.m in Sources */,
			);
			runOnlyForDeploymentPostprocessing = 0;
		};
/* End PBXSourcesBuildPhase section */

/* Begin PBXTargetDependency section */
		FEDA427C1AE49A180034FB03 /* PBXTargetDependency */ = {
			isa = PBXTargetDependency;
			target = FEDA42601AE49A180034FB03 /* DorianGray */;
			targetProxy = FEDA427B1AE49A180034FB03 /* PBXContainerItemProxy */;
		};
/* End PBXTargetDependency section */

/* Begin PBXVariantGroup section */
		FEDA42731AE49A180034FB03 /* LaunchScreen.xib */ = {
			isa = PBXVariantGroup;
			children = (
				FEDA42741AE49A180034FB03 /* Base */,
			);
			name = LaunchScreen.xib;
			sourceTree = "<group>";
		};
/* End PBXVariantGroup section */

/* Begin XCBuildConfiguration section */
		FEDA42821AE49A180034FB03 /* Debug */ = {
			isa = XCBuildConfiguration;
			buildSettings = {
				ALWAYS_SEARCH_USER_PATHS = NO;
				CLANG_CXX_LANGUAGE_STANDARD = "gnu++0x";
				CLANG_CXX_LIBRARY = "libc++";
				CLANG_ENABLE_MODULES = YES;
				CLANG_ENABLE_OBJC_ARC = YES;
				CLANG_WARN_BOOL_CONVERSION = YES;
				CLANG_WARN_CONSTANT_CONVERSION = YES;
				CLANG_WARN_DIRECT_OBJC_ISA_USAGE = YES_ERROR;
				CLANG_WARN_EMPTY_BODY = YES;
				CLANG_WARN_ENUM_CONVERSION = YES;
				CLANG_WARN_INT_CONVERSION = YES;
				CLANG_WARN_OBJC_ROOT_CLASS = YES_ERROR;
				CLANG_WARN_UNREACHABLE_CODE = YES;
				CLANG_WARN__DUPLICATE_METHOD_MATCH = YES;
				"CODE_SIGN_IDENTITY[sdk=iphoneos*]" = "iPhone Developer";
				COPY_PHASE_STRIP = NO;
				DEBUG_INFORMATION_FORMAT = "dwarf-with-dsym";
				ENABLE_STRICT_OBJC_MSGSEND = YES;
				GCC_C_LANGUAGE_STANDARD = gnu99;
				GCC_DYNAMIC_NO_PIC = NO;
				GCC_NO_COMMON_BLOCKS = YES;
				GCC_OPTIMIZATION_LEVEL = 0;
				GCC_PREPROCESSOR_DEFINITIONS = (
					"DEBUG=1",
					"$(inherited)",
				);
				GCC_SYMBOLS_PRIVATE_EXTERN = NO;
				GCC_WARN_64_TO_32_BIT_CONVERSION = YES;
				GCC_WARN_ABOUT_RETURN_TYPE = YES_ERROR;
				GCC_WARN_UNDECLARED_SELECTOR = YES;
				GCC_WARN_UNINITIALIZED_AUTOS = YES_AGGRESSIVE;
				GCC_WARN_UNUSED_FUNCTION = YES;
				GCC_WARN_UNUSED_VARIABLE = YES;
				IPHONEOS_DEPLOYMENT_TARGET = 8.3;
				MTL_ENABLE_DEBUG_INFO = YES;
				ONLY_ACTIVE_ARCH = YES;
				SDKROOT = iphoneos;
				TARGETED_DEVICE_FAMILY = "1,2";
			};
			name = Debug;
		};
		FEDA42831AE49A180034FB03 /* Release */ = {
			isa = XCBuildConfiguration;
			buildSettings = {
				ALWAYS_SEARCH_USER_PATHS = NO;
				CLANG_CXX_LANGUAGE_STANDARD = "gnu++0x";
				CLANG_CXX_LIBRARY = "libc++";
				CLANG_ENABLE_MODULES = YES;
				CLANG_ENABLE_OBJC_ARC = YES;
				CLANG_WARN_BOOL_CONVERSION = YES;
				CLANG_WARN_CONSTANT_CONVERSION = YES;
				CLANG_WARN_DIRECT_OBJC_ISA_USAGE = YES_ERROR;
				CLANG_WARN_EMPTY_BODY = YES;
				CLANG_WARN_ENUM_CONVERSION = YES;
				CLANG_WARN_INT_CONVERSION = YES;
				CLANG_WARN_OBJC_ROOT_CLASS = YES_ERROR;
				CLANG_WARN_UNREACHABLE_CODE = YES;
				CLANG_WARN__DUPLICATE_METHOD_MATCH = YES;
				"CODE_SIGN_IDENTITY[sdk=iphoneos*]" = "iPhone Developer";
				COPY_PHASE_STRIP = NO;
				DEBUG_INFORMATION_FORMAT = "dwarf-with-dsym";
				ENABLE_NS_ASSERTIONS = NO;
				ENABLE_STRICT_OBJC_MSGSEND = YES;
				GCC_C_LANGUAGE_STANDARD = gnu99;
				GCC_NO_COMMON_BLOCKS = YES;
				GCC_WARN_64_TO_32_BIT_CONVERSION = YES;
				GCC_WARN_ABOUT_RETURN_TYPE = YES_ERROR;
				GCC_WARN_UNDECLARED_SELECTOR = YES;
				GCC_WARN_UNINITIALIZED_AUTOS = YES_AGGRESSIVE;
				GCC_WARN_UNUSED_FUNCTION = YES;
				GCC_WARN_UNUSED_VARIABLE = YES;
				IPHONEOS_DEPLOYMENT_TARGET = 8.3;
				MTL_ENABLE_DEBUG_INFO = NO;
				SDKROOT = iphoneos;
				TARGETED_DEVICE_FAMILY = "1,2";
				VALIDATE_PRODUCT = YES;
			};
			name = Release;
		};
		FEDA42851AE49A180034FB03 /* Debug */ = {
			isa = XCBuildConfiguration;
			baseConfigurationReference = 4F45805E0B49053E19DE7BED /* Pods.debug.xcconfig */;
			buildSettings = {
				ASSETCATALOG_COMPILER_APPICON_NAME = AppIcon;
				INFOPLIST_FILE = DorianGray/Info.plist;
				LD_RUNPATH_SEARCH_PATHS = "$(inherited) @executable_path/Frameworks";
				PRODUCT_NAME = "$(TARGET_NAME)";
			};
			name = Debug;
		};
		FEDA42861AE49A180034FB03 /* Release */ = {
			isa = XCBuildConfiguration;
			baseConfigurationReference = 47B959742DC1CFBFB1F9B847 /* Pods.release.xcconfig */;
			buildSettings = {
				ASSETCATALOG_COMPILER_APPICON_NAME = AppIcon;
				INFOPLIST_FILE = DorianGray/Info.plist;
				LD_RUNPATH_SEARCH_PATHS = "$(inherited) @executable_path/Frameworks";
				PRODUCT_NAME = "$(TARGET_NAME)";
			};
			name = Release;
		};
		FEDA42881AE49A180034FB03 /* Debug */ = {
			isa = XCBuildConfiguration;
			buildSettings = {
				BUNDLE_LOADER = "$(TEST_HOST)";
				FRAMEWORK_SEARCH_PATHS = (
					"$(SDKROOT)/Developer/Library/Frameworks",
					"$(inherited)",
				);
				GCC_PREPROCESSOR_DEFINITIONS = (
					"DEBUG=1",
					"$(inherited)",
				);
				INFOPLIST_FILE = DorianGrayTests/Info.plist;
				LD_RUNPATH_SEARCH_PATHS = "$(inherited) @executable_path/Frameworks @loader_path/Frameworks";
				PRODUCT_NAME = "$(TARGET_NAME)";
				TEST_HOST = "$(BUILT_PRODUCTS_DIR)/DorianGray.app/DorianGray";
			};
			name = Debug;
		};
		FEDA42891AE49A180034FB03 /* Release */ = {
			isa = XCBuildConfiguration;
			buildSettings = {
				BUNDLE_LOADER = "$(TEST_HOST)";
				FRAMEWORK_SEARCH_PATHS = (
					"$(SDKROOT)/Developer/Library/Frameworks",
					"$(inherited)",
				);
				INFOPLIST_FILE = DorianGrayTests/Info.plist;
				LD_RUNPATH_SEARCH_PATHS = "$(inherited) @executable_path/Frameworks @loader_path/Frameworks";
				PRODUCT_NAME = "$(TARGET_NAME)";
				TEST_HOST = "$(BUILT_PRODUCTS_DIR)/DorianGray.app/DorianGray";
			};
			name = Release;
		};
/* End XCBuildConfiguration section */

/* Begin XCConfigurationList section */
		FEDA425C1AE49A180034FB03 /* Build configuration list for PBXProject "DorianGray" */ = {
			isa = XCConfigurationList;
			buildConfigurations = (
				FEDA42821AE49A180034FB03 /* Debug */,
				FEDA42831AE49A180034FB03 /* Release */,
			);
			defaultConfigurationIsVisible = 0;
			defaultConfigurationName = Release;
		};
		FEDA42841AE49A180034FB03 /* Build configuration list for PBXNativeTarget "DorianGray" */ = {
			isa = XCConfigurationList;
			buildConfigurations = (
				FEDA42851AE49A180034FB03 /* Debug */,
				FEDA42861AE49A180034FB03 /* Release */,
			);
			defaultConfigurationIsVisible = 0;
			defaultConfigurationName = Release;
		};
		FEDA42871AE49A180034FB03 /* Build configuration list for PBXNativeTarget "DorianGrayTests" */ = {
			isa = XCConfigurationList;
			buildConfigurations = (
				FEDA42881AE49A180034FB03 /* Debug */,
				FEDA42891AE49A180034FB03 /* Release */,
			);
			defaultConfigurationIsVisible = 0;
			defaultConfigurationName = Release;
		};
/* End XCConfigurationList section */
	};
	rootObject = FEDA42591AE49A180034FB03 /* Project object */;
}
